
Microsoft Visual Studio Solution File, Format Version 12.00
# Visual Studio Version 16
VisualStudioVersion = 16.0.29001.49
MinimumVisualStudioVersion = 10.0.40219.1
Project("{FAE04EC0-301F-11D3-BF4B-00C04F79EFBC}") = "JSONParser1", "JSONParser1\JSONParser1.csproj", "{D4A9D08B-90F5-400B-BC20-5BA1E84D5C76}"
EndProject
Global
	GlobalSection(SolutionConfigurationPlatforms) = preSolution
		Debug|Any CPU = Debug|Any CPU
		Release|Any CPU = Release|Any CPU
	EndGlobalSection
	GlobalSection(ProjectConfigurationPlatforms) = postSolution
		{D4A9D08B-90F5-400B-BC20-5BA1E84D5C76}.Debug|Any CPU.ActiveCfg = Debug|Any CPU
		{D4A9D08B-90F5-400B-BC20-5BA1E84D5C76}.Debug|Any CPU.Build.0 = Debug|Any CPU
		{D4A9D08B-90F5-400B-BC20-5BA1E84D5C76}.Release|Any CPU.ActiveCfg = Release|Any CPU
		{D4A9D08B-90F5-400B-BC20-5BA1E84D5C76}.Release|Any CPU.Build.0 = Release|Any CPU
	EndGlobalSection
	GlobalSection(SolutionProperties) = preSolution
		HideSolutionNode = FALSE
	EndGlobalSection
	GlobalSection(ExtensibilityGlobals) = postSolution
		SolutionGuid = {D51804C2-9726-4219-8528-16DB0968C086}
	EndGlobalSection
EndGlobal
